
Microsoft Visual Studio Solution File, Format Version 12.00
Project("{FAE04EC0-301F-11D3-BF4B-00C04F79EFBC}") = "Storage.Monopoly.Junior", "Storage.Monopoly.Junior\Storage.Monopoly.Junior.csproj", "{863FA6A5-BE94-4F50-96CD-9699B9303F90}"
EndProject
Project("{FAE04EC0-301F-11D3-BF4B-00C04F79EFBC}") = "Storage.Monopoly.Junior.Tests", "Storage.Monopoly.Junior.Tests\Storage.Monopoly.Junior.Tests.csproj", "{2DE5A127-82A2-4AC0-B854-4B9D56DCF63C}"
EndProject
Global
	GlobalSection(SolutionConfigurationPlatforms) = preSolution
		Debug|Any CPU = Debug|Any CPU
		Release|Any CPU = Release|Any CPU
	EndGlobalSection
	GlobalSection(ProjectConfigurationPlatforms) = postSolution
		{863FA6A5-BE94-4F50-96CD-9699B9303F90}.Debug|Any CPU.ActiveCfg = Debug|Any CPU
		{863FA6A5-BE94-4F50-96CD-9699B9303F90}.Debug|Any CPU.Build.0 = Debug|Any CPU
		{863FA6A5-BE94-4F50-96CD-9699B9303F90}.Release|Any CPU.ActiveCfg = Release|Any CPU
		{863FA6A5-BE94-4F50-96CD-9699B9303F90}.Release|Any CPU.Build.0 = Release|Any CPU
		{2DE5A127-82A2-4AC0-B854-4B9D56DCF63C}.Debug|Any CPU.ActiveCfg = Debug|Any CPU
		{2DE5A127-82A2-4AC0-B854-4B9D56DCF63C}.Debug|Any CPU.Build.0 = Debug|Any CPU
		{2DE5A127-82A2-4AC0-B854-4B9D56DCF63C}.Release|Any CPU.ActiveCfg = Release|Any CPU
		{2DE5A127-82A2-4AC0-B854-4B9D56DCF63C}.Release|Any CPU.Build.0 = Release|Any CPU
	EndGlobalSection
EndGlobal
